
Microsoft Visual Studio Solution File, Format Version 12.00
# Visual Studio Version 17
VisualStudioVersion = 17.10.34916.146
MinimumVisualStudioVersion = 10.0.40219.1
Project("{FAE04EC0-301F-11D3-BF4B-00C04F79EFBC}") = "Exercise3", "Exercise3\Exercise3.csproj", "{A6797277-0653-4E74-96D1-BF8AAF84E4C7}"
EndProject
Global
	GlobalSection(SolutionConfigurationPlatforms) = preSolution
		Debug|Any CPU = Debug|Any CPU
		Release|Any CPU = Release|Any CPU
	EndGlobalSection
	GlobalSection(ProjectConfigurationPlatforms) = postSolution
		{A6797277-0653-4E74-96D1-BF8AAF84E4C7}.Debug|Any CPU.ActiveCfg = Debug|Any CPU
		{A6797277-0653-4E74-96D1-BF8AAF84E4C7}.Debug|Any CPU.Build.0 = Debug|Any CPU
		{A6797277-0653-4E74-96D1-BF8AAF84E4C7}.Release|Any CPU.ActiveCfg = Release|Any CPU
		{A6797277-0653-4E74-96D1-BF8AAF84E4C7}.Release|Any CPU.Build.0 = Release|Any CPU
	EndGlobalSection
	GlobalSection(SolutionProperties) = preSolution
		HideSolutionNode = FALSE
	EndGlobalSection
	GlobalSection(ExtensibilityGlobals) = postSolution
		SolutionGuid = {7573B9B9-62BD-4932-911E-D9B0DD0A9AB8}
	EndGlobalSection
EndGlobal
